# Generated by pub
# See https://dart.dev/tools/pub/glossary#lockfile
packages:
  _flutterfire_internals:
    dependency: transitive
    description:
      name: _flutterfire_internals
      sha256: f5628cd9c92ed11083f425fd1f8f1bc60ecdda458c81d73b143aeda036c35fe7
      url: "https://pub.dev"
    source: hosted
    version: "1.3.16"
  async:
    dependency: transitive
    description:
      name: async
      sha256: "947bfcf187f74dbc5e146c9eb9c0f10c9f8b30743e341481c1e2ed3ecc18c20c"
      url: "https://pub.dev"
    source: hosted
    version: "2.11.0"
  audio_session:
    dependency: transitive
    description:
      name: audio_session
      sha256: "343e83bc7809fbda2591a49e525d6b63213ade10c76f15813be9aed6657b3261"
      url: "https://pub.dev"
    source: hosted
    version: "0.1.21"
  boolean_selector:
    dependency: transitive
    description:
      name: boolean_selector
      sha256: "6cfb5af12253eaf2b368f07bacc5a80d1301a071c73360d746b7f2e32d762c66"
      url: "https://pub.dev"
    source: hosted
    version: "2.1.1"
  characters:
    dependency: transitive
    description:
      name: characters
      sha256: "04a925763edad70e8443c99234dc3328f442e811f1d8fd1a72f1c8ad0f69a605"
      url: "https://pub.dev"
    source: hosted
    version: "1.3.0"
  clock:
    dependency: transitive
    description:
      name: clock
      sha256: cb6d7f03e1de671e34607e909a7213e31d7752be4fb66a86d29fe1eb14bfb5cf
      url: "https://pub.dev"
    source: hosted
    version: "1.1.1"
  cloud_firestore:
    dependency: "direct main"
    description:
      name: cloud_firestore
      sha256: "8bfbb5a2edbc6052452326d60de0113fea2bcbf081d34a3f8e45c8b38307b31c"
      url: "https://pub.dev"
    source: hosted
    version: "4.14.0"
  cloud_firestore_platform_interface:
    dependency: transitive
    description:
      name: cloud_firestore_platform_interface
      sha256: "73ff438fe46028f0e19f55da18b6ddc6906ab750562cd7d9ffab77ff8c0c4307"
      url: "https://pub.dev"
    source: hosted
    version: "6.1.0"
  cloud_firestore_web:
    dependency: transitive
    description:
      name: cloud_firestore_web
      sha256: "232e45e95970d3a6baab8f50f9c3a6e2838d145d9d91ec9a7392837c44296397"
      url: "https://pub.dev"
    source: hosted
    version: "3.9.0"
  collection:
    dependency: transitive
    description:
      name: collection
      sha256: "4a07be6cb69c84d677a6c3096fcf960cc3285a8330b4603e0d463d15d9bd934c"
      url: "https://pub.dev"
    source: hosted
    version: "1.17.1"
  crypto:
    dependency: transitive
    description:
      name: crypto
      sha256: ff625774173754681d66daaf4a448684fb04b78f902da9cb3d308c19cc5e8bab
      url: "https://pub.dev"
    source: hosted
    version: "3.0.3"
  emoji_picker_flutter:
    dependency: "direct main"
    description:
      name: emoji_picker_flutter
      sha256: "8506341d62efd116d6fb1481450bffdbac659d3d90d46d9cc610bfae5f33cc54"
      url: "https://pub.dev"
    source: hosted
    version: "1.6.4"
  fake_async:
    dependency: transitive
    description:
      name: fake_async
      sha256: "511392330127add0b769b75a987850d136345d9227c6b94c96a04cf4a391bf78"
      url: "https://pub.dev"
    source: hosted
    version: "1.3.1"
  ffi:
    dependency: transitive
    description:
      name: ffi
      sha256: "7bf0adc28a23d395f19f3f1eb21dd7cfd1dd9f8e1c50051c069122e6853bc878"
      url: "https://pub.dev"
    source: hosted
    version: "2.1.0"
  file:
    dependency: transitive
    description:
      name: file
      sha256: a3b4f84adafef897088c160faf7dfffb7696046cb13ae90b508c2cbc95d3b8d4
      url: "https://pub.dev"
    source: hosted
    version: "7.0.1"
  firebase_analytics:
    dependency: "direct main"
    description:
      name: firebase_analytics
      sha256: "0240076090d77045d757aecb090616066d23b343840d4c21074094d6fe40a184"
      url: "https://pub.dev"
    source: hosted
    version: "10.8.0"
  firebase_analytics_platform_interface:
    dependency: transitive
    description:
      name: firebase_analytics_platform_interface
      sha256: "6d9baa077d16b47ef5f19d982c4fc475597991aa53b0c601216faa3e1cdab45f"
      url: "https://pub.dev"
    source: hosted
    version: "3.9.0"
  firebase_analytics_web:
    dependency: transitive
    description:
      name: firebase_analytics_web
      sha256: "89a740249bce9d52a99db4e501be6087ca6749c73c47cff2b174802be10abd81"
      url: "https://pub.dev"
    source: hosted
    version: "0.5.5+12"
  firebase_auth:
    dependency: "direct main"
    description:
      name: firebase_auth
      sha256: "279b2773ff61afd9763202cb5582e2b995ee57419d826b9af6517302a59b672f"
      url: "https://pub.dev"
    source: hosted
    version: "4.16.0"
  firebase_auth_platform_interface:
    dependency: transitive
    description:
      name: firebase_auth_platform_interface
      sha256: "3c9cfaccb7549492edf5b0c67c6dd1c6727c7830891aa6727f2fb225f0226626"
      url: "https://pub.dev"
    source: hosted
    version: "7.0.9"
  firebase_auth_web:
    dependency: transitive
    description:
      name: firebase_auth_web
      sha256: c7b1379ccef7abf4b6816eede67a868c44142198e42350f51c01d8fc03f95a7d
      url: "https://pub.dev"
    source: hosted
    version: "5.8.13"
  firebase_core:
    dependency: "direct main"
    description:
      name: firebase_core
      sha256: "96607c0e829a581c2a483c658f04e8b159964c3bae2730f73297070bc85d40bb"
      url: "https://pub.dev"
    source: hosted
    version: "2.24.2"
  firebase_core_platform_interface:
    dependency: transitive
    description:
      name: firebase_core_platform_interface
      sha256: "1003a5a03a61fc9a22ef49f37cbcb9e46c86313a7b2e7029b9390cf8c6fc32cb"
      url: "https://pub.dev"
    source: hosted
    version: "5.1.0"
  firebase_core_web:
    dependency: transitive
    description:
      name: firebase_core_web
      sha256: d585bdf3c656c3f7821ba1bd44da5f13365d22fcecaf5eb75c4295246aaa83c0
      url: "https://pub.dev"
    source: hosted
    version: "2.10.0"
  firebase_crashlytics:
    dependency: "direct main"
    description:
      name: firebase_crashlytics
      sha256: "5125b7f3fcef2bfdd7e071afe7edcefd9597968003e44e073456c773d91694ee"
      url: "https://pub.dev"
    source: hosted
    version: "3.4.9"
  firebase_crashlytics_platform_interface:
    dependency: transitive
    description:
      name: firebase_crashlytics_platform_interface
      sha256: "359197344def001589c84f8d1d57c05f6e2e773f559205610ce58c25e2045a57"
      url: "https://pub.dev"
    source: hosted
    version: "3.6.16"
  fixnum:
    dependency: transitive
    description:
      name: fixnum
      sha256: "25517a4deb0c03aa0f32fd12db525856438902d9c16536311e76cdc57b31d7d1"
      url: "https://pub.dev"
    source: hosted
    version: "1.1.0"
  flutter:
    dependency: "direct main"
    description: flutter
    source: sdk
    version: "0.0.0"
  flutter_animate:
    dependency: "direct main"
    description:
      name: flutter_animate
      sha256: "7befe2d3252728afb77aecaaea1dec88a89d35b9b1d2eea6d04479e8af9117b5"
      url: "https://pub.dev"
    source: hosted
    version: "4.5.2"
  flutter_lints:
    dependency: "direct dev"
    description:
      name: flutter_lints
      sha256: e2a421b7e59244faef694ba7b30562e489c2b489866e505074eb005cd7060db7
      url: "https://pub.dev"
    source: hosted
    version: "3.0.1"
  flutter_pcm_sound:
    dependency: "direct main"
    description:
      name: flutter_pcm_sound
      sha256: "15c6894da8195122001375084d51449bd77849579c93fca2800c00b615699dc0"
      url: "https://pub.dev"
    source: hosted
    version: "3.3.3"
  flutter_riverpod:
    dependency: "direct main"
    description:
      name: flutter_riverpod
      sha256: "4bce556b7ecbfea26109638d5237684538d4abc509d253e6c5c4c5733b360098"
      url: "https://pub.dev"
    source: hosted
    version: "2.4.10"
  flutter_secure_storage:
    dependency: "direct main"
    description:
      name: flutter_secure_storage
      sha256: "9cad52d75ebc511adfae3d447d5d13da15a55a92c9410e50f67335b6d21d16ea"
      url: "https://pub.dev"
    source: hosted
    version: "9.2.4"
  flutter_secure_storage_linux:
    dependency: transitive
    description:
      name: flutter_secure_storage_linux
      sha256: be76c1d24a97d0b98f8b54bce6b481a380a6590df992d0098f868ad54dc8f688
      url: "https://pub.dev"
    source: hosted
    version: "1.2.3"
  flutter_secure_storage_macos:
    dependency: transitive
    description:
      name: flutter_secure_storage_macos
      sha256: "6c0a2795a2d1de26ae202a0d78527d163f4acbb11cde4c75c670f3a0fc064247"
      url: "https://pub.dev"
    source: hosted
    version: "3.1.3"
  flutter_secure_storage_platform_interface:
    dependency: transitive
    description:
      name: flutter_secure_storage_platform_interface
      sha256: cf91ad32ce5adef6fba4d736a542baca9daf3beac4db2d04be350b87f69ac4a8
      url: "https://pub.dev"
    source: hosted
    version: "1.1.2"
  flutter_secure_storage_web:
    dependency: transitive
    description:
      name: flutter_secure_storage_web
      sha256: f4ebff989b4f07b2656fb16b47852c0aab9fed9b4ec1c70103368337bc1886a9
      url: "https://pub.dev"
    source: hosted
    version: "1.2.1"
  flutter_secure_storage_windows:
    dependency: transitive
    description:
      name: flutter_secure_storage_windows
      sha256: b20b07cb5ed4ed74fc567b78a72936203f587eba460af1df11281c9326cd3709
      url: "https://pub.dev"
    source: hosted
    version: "3.1.2"
  flutter_shaders:
    dependency: transitive
    description:
      name: flutter_shaders
      sha256: "34794acadd8275d971e02df03afee3dee0f98dbfb8c4837082ad0034f612a3e2"
      url: "https://pub.dev"
    source: hosted
    version: "0.1.3"
  flutter_test:
    dependency: "direct dev"
    description: flutter
    source: sdk
    version: "0.0.0"
  flutter_web_plugins:
    dependency: transitive
    description: flutter
    source: sdk
    version: "0.0.0"
  go_router:
    dependency: "direct main"
    description:
      name: go_router
      sha256: "07ee2436909f749d606f53521dc1725dd738dc5196e5ff815bc254253c594075"
      url: "https://pub.dev"
    source: hosted
    version: "13.1.0"
  google_fonts:
    dependency: "direct main"
    description:
      name: google_fonts
      sha256: e20ff62b158b96f392bfc8afe29dee1503c94fbea2cbe8186fd59b756b8ae982
      url: "https://pub.dev"
    source: hosted
    version: "5.1.0"
  http:
    dependency: "direct main"
    description:
      name: http
      sha256: "759d1a329847dd0f39226c688d3e06a6b8679668e350e2891a6474f8b4bb8525"
      url: "https://pub.dev"
    source: hosted
    version: "1.1.0"
  http_parser:
    dependency: transitive
    description:
      name: http_parser
      sha256: "2aa08ce0341cc9b354a498388e30986515406668dbcc4f7c950c3e715496693b"
      url: "https://pub.dev"
    source: hosted
    version: "4.0.2"
  intl:
    dependency: "direct main"
    description:
      name: intl
      sha256: d6f56758b7d3014a48af9701c085700aac781a92a87a62b1333b46d8879661cf
      url: "https://pub.dev"
    source: hosted
    version: "0.19.0"
  js:
    dependency: transitive
    description:
      name: js
      sha256: f2c445dce49627136094980615a031419f7f3eb393237e4ecd97ac15dea343f3
      url: "https://pub.dev"
    source: hosted
    version: "0.6.7"
  just_audio:
    dependency: "direct main"
    description:
      name: just_audio
      sha256: b7cb6bbf3750caa924d03f432ba401ec300fd90936b3f73a9b33d58b1e96286b
      url: "https://pub.dev"
    source: hosted
    version: "0.9.37"
  just_audio_platform_interface:
    dependency: transitive
    description:
      name: just_audio_platform_interface
      sha256: "2532c8d6702528824445921c5ff10548b518b13f808c2e34c2fd54793b999a6a"
      url: "https://pub.dev"
    source: hosted
    version: "4.6.0"
  just_audio_web:
    dependency: transitive
    description:
      name: just_audio_web
      sha256: "134356b0fe3d898293102b33b5fd618831ffdc72bb7a1b726140abdf22772b70"
      url: "https://pub.dev"
    source: hosted
    version: "0.4.9"
  lints:
    dependency: transitive
    description:
      name: lints
      sha256: cbf8d4b858bb0134ef3ef87841abdf8d63bfc255c266b7bf6b39daa1085c4290
      url: "https://pub.dev"
    source: hosted
    version: "3.0.0"
  logging:
    dependency: transitive
    description:
      name: logging
      sha256: "623a88c9594aa774443aa3eb2d41807a48486b5613e67599fb4c41c0ad47c340"
      url: "https://pub.dev"
    source: hosted
    version: "1.2.0"
  matcher:
    dependency: transitive
    description:
      name: matcher
      sha256: "6501fbd55da300384b768785b83e5ce66991266cec21af89ab9ae7f5ce1c4cbb"
      url: "https://pub.dev"
    source: hosted
    version: "0.12.15"
  material_color_utilities:
    dependency: transitive
    description:
      name: material_color_utilities
      sha256: d92141dc6fe1dad30722f9aa826c7fbc896d021d792f80678280601aff8cf724
      url: "https://pub.dev"
    source: hosted
    version: "0.2.0"
  meta:
    dependency: transitive
    description:
      name: meta
      sha256: "3c74dbf8763d36539f114c799d8a2d87343b5067e9d796ca22b5eb8437090ee3"
      url: "https://pub.dev"
    source: hosted
    version: "1.9.1"
  path:
    dependency: transitive
    description:
      name: path
      sha256: "8829d8a55c13fc0e37127c29fedf290c102f4e40ae94ada574091fe0ff96c917"
      url: "https://pub.dev"
    source: hosted
    version: "1.8.3"
  path_provider:
    dependency: "direct main"
    description:
      name: path_provider
      sha256: b27217933eeeba8ff24845c34003b003b2b22151de3c908d0e679e8fe1aa078b
      url: "https://pub.dev"
    source: hosted
    version: "2.1.2"
  path_provider_android:
    dependency: transitive
    description:
      name: path_provider_android
      sha256: "477184d672607c0a3bf68fbbf601805f92ef79c82b64b4d6eb318cbca4c48668"
      url: "https://pub.dev"
    source: hosted
    version: "2.2.2"
  path_provider_foundation:
    dependency: transitive
    description:
      name: path_provider_foundation
      sha256: "5a7999be66e000916500be4f15a3633ebceb8302719b47b9cc49ce924125350f"
      url: "https://pub.dev"
    source: hosted
    version: "2.3.2"
  path_provider_linux:
    dependency: transitive
    description:
      name: path_provider_linux
      sha256: f7a1fe3a634fe7734c8d3f2766ad746ae2a2884abe22e241a8b301bf5cac3279
      url: "https://pub.dev"
    source: hosted
    version: "2.2.1"
  path_provider_platform_interface:
    dependency: transitive
    description:
      name: path_provider_platform_interface
      sha256: "88f5779f72ba699763fa3a3b06aa4bf6de76c8e5de842cf6f29e2e06476c2334"
      url: "https://pub.dev"
    source: hosted
    version: "2.1.2"
  path_provider_windows:
    dependency: transitive
    description:
      name: path_provider_windows
      sha256: "8bc9f22eee8690981c22aa7fc602f5c85b497a6fb2ceb35ee5a5e5ed85ad8170"
      url: "https://pub.dev"
    source: hosted
    version: "2.2.1"
  platform:
    dependency: transitive
    description:
      name: platform
      sha256: "12220bb4b65720483f8fa9450b4332347737cf8213dd2840d8b2c823e47243ec"
      url: "https://pub.dev"
    source: hosted
    version: "3.1.4"
  plugin_platform_interface:
    dependency: transitive
    description:
      name: plugin_platform_interface
      sha256: "4820fbfdb9478b1ebae27888254d445073732dae3d6ea81f0b7e06d5dedc3f02"
      url: "https://pub.dev"
    source: hosted
    version: "2.1.8"
  record:
    dependency: "direct main"
    description:
      name: record
      sha256: "113b368168c49c78902ab37c2b354dea30a0aec5bdeca434073826b6ea73eca1"
      url: "https://pub.dev"
    source: hosted
    version: "5.0.5"
  record_android:
    dependency: transitive
    description:
      name: record_android
      sha256: "0df98e05873b22b443309e289bf1eb3b5b9a60e7779134334e2073eb0763a992"
      url: "https://pub.dev"
    source: hosted
    version: "1.1.0"
  record_darwin:
    dependency: transitive
    description:
      name: record_darwin
      sha256: ee8cb1bb1712d7ce38140ecabe70e5c286c02f05296d66043bee865ace7eb1b9
      url: "https://pub.dev"
    source: hosted
    version: "1.0.1"
  record_linux:
    dependency: transitive
    description:
      name: record_linux
      sha256: "7d0e70cd51635128fe9d37d89bafd6011d7cbba9af8dc323079ae60f23546aef"
      url: "https://pub.dev"
    source: hosted
    version: "0.7.1"
  record_platform_interface:
    dependency: transitive
    description:
      name: record_platform_interface
      sha256: "3a4b56e94ecd2a0b2b43eb1fa6f94c5b8484334f5d38ef43959c4bf97fb374cf"
      url: "https://pub.dev"
    source: hosted
    version: "1.0.2"
  record_web:
    dependency: transitive
    description:
      name: record_web
      sha256: "24847cdbcf999f7a5762170792f622ac844858766becd0f2370ec8ae22f7526e"
      url: "https://pub.dev"
    source: hosted
    version: "1.0.5"
  record_windows:
    dependency: transitive
    description:
      name: record_windows
      sha256: "39998b3ea7d8d28b04159d82220e6e5e32a7c357c6fb2794f5736beea272f6c3"
      url: "https://pub.dev"
    source: hosted
    version: "1.0.2"
  riverpod:
    dependency: transitive
    description:
      name: riverpod
      sha256: "548e2192eb7aeb826eb89387f814edb76594f3363e2c0bb99dd733d795ba3589"
      url: "https://pub.dev"
    source: hosted
    version: "2.5.0"
  rxdart:
    dependency: transitive
    description:
      name: rxdart
      sha256: "0c7c0cedd93788d996e33041ffecda924cc54389199cde4e6a34b440f50044cb"
      url: "https://pub.dev"
    source: hosted
    version: "0.27.7"
  shared_preferences:
    dependency: transitive
    description:
      name: shared_preferences
      sha256: "81429e4481e1ccfb51ede496e916348668fd0921627779233bd24cc3ff6abd02"
      url: "https://pub.dev"
    source: hosted
    version: "2.2.2"
  shared_preferences_android:
    dependency: transitive
    description:
      name: shared_preferences_android
      sha256: "8568a389334b6e83415b6aae55378e158fbc2314e074983362d20c562780fb06"
      url: "https://pub.dev"
    source: hosted
    version: "2.2.1"
  shared_preferences_foundation:
    dependency: transitive
    description:
      name: shared_preferences_foundation
      sha256: "7708d83064f38060c7b39db12aefe449cb8cdc031d6062280087bc4cdb988f5c"
      url: "https://pub.dev"
    source: hosted
    version: "2.3.5"
  shared_preferences_linux:
    dependency: transitive
    description:
      name: shared_preferences_linux
      sha256: "9f2cbcf46d4270ea8be39fa156d86379077c8a5228d9dfdb1164ae0bb93f1faa"
      url: "https://pub.dev"
    source: hosted
    version: "2.3.2"
  shared_preferences_platform_interface:
    dependency: transitive
    description:
      name: shared_preferences_platform_interface
      sha256: "22e2ecac9419b4246d7c22bfbbda589e3acf5c0351137d87dd2939d984d37c3b"
      url: "https://pub.dev"
    source: hosted
    version: "2.3.2"
  shared_preferences_web:
    dependency: transitive
    description:
      name: shared_preferences_web
      sha256: d762709c2bbe80626ecc819143013cc820fa49ca5e363620ee20a8b15a3e3daf
      url: "https://pub.dev"
    source: hosted
    version: "2.2.1"
  shared_preferences_windows:
    dependency: transitive
    description:
      name: shared_preferences_windows
      sha256: "841ad54f3c8381c480d0c9b508b89a34036f512482c407e6df7a9c4aa2ef8f59"
      url: "https://pub.dev"
    source: hosted
    version: "2.3.2"
  sky_engine:
    dependency: transitive
    description: flutter
    source: sdk
    version: "0.0.99"
  source_span:
    dependency: transitive
    description:
      name: source_span
      sha256: dd904f795d4b4f3b870833847c461801f6750a9fa8e61ea5ac53f9422b31f250
      url: "https://pub.dev"
    source: hosted
    version: "1.9.1"
  stack_trace:
    dependency: transitive
    description:
      name: stack_trace
      sha256: c3c7d8edb15bee7f0f74debd4b9c5f3c2ea86766fe4178eb2a18eb30a0bdaed5
      url: "https://pub.dev"
    source: hosted
    version: "1.11.0"
  state_notifier:
    dependency: transitive
    description:
      name: state_notifier
      sha256: b8677376aa54f2d7c58280d5a007f9e8774f1968d1fb1c096adcb4792fba29bb
      url: "https://pub.dev"
    source: hosted
    version: "1.0.0"
  stream_channel:
    dependency: transitive
    description:
      name: stream_channel
      sha256: "83615bee9045c1d322bbbd1ba209b7a749c2cbcdcb3fdd1df8eb488b3279c1c8"
      url: "https://pub.dev"
    source: hosted
    version: "2.1.1"
  string_scanner:
    dependency: transitive
    description:
      name: string_scanner
      sha256: "556692adab6cfa87322a115640c11f13cb77b3f076ddcc5d6ae3c20242bedcde"
      url: "https://pub.dev"
    source: hosted
    version: "1.2.0"
  term_glyph:
    dependency: transitive
    description:
      name: term_glyph
      sha256: a29248a84fbb7c79282b40b8c72a1209db169a2e0542bce341da992fe1bc7e84
      url: "https://pub.dev"
    source: hosted
    version: "1.2.1"
  test_api:
    dependency: transitive
    description:
      name: test_api
      sha256: eb6ac1540b26de412b3403a163d919ba86f6a973fe6cc50ae3541b80092fdcfb
      url: "https://pub.dev"
    source: hosted
    version: "0.5.1"
  typed_data:
    dependency: transitive
    description:
      name: typed_data
      sha256: facc8d6582f16042dd49f2463ff1bd6e2c9ef9f3d5da3d9b087e244a7b564b3c
      url: "https://pub.dev"
    source: hosted
    version: "1.3.2"
  uuid:
    dependency: "direct main"
    description:
      name: uuid
      sha256: "1fef9e8e11e2991bb773070d4656b7bd5d850967a2456cfc83cf47925ba79489"
      url: "https://pub.dev"
    source: hosted
    version: "4.5.3"
  vector_math:
    dependency: transitive
    description:
      name: vector_math
      sha256: "80b3257d1492ce4d091729e3a67a60407d227c27241d6927be0130c98e741803"
      url: "https://pub.dev"
    source: hosted
    version: "2.1.4"
  web_socket_channel:
    dependency: "direct main"
    description:
      name: web_socket_channel
      sha256: d88238e5eac9a42bb43ca4e721edba3c08c6354d4a53063afaa568516217621b
      url: "https://pub.dev"
    source: hosted
    version: "2.4.0"
  win32:
    dependency: transitive
    description:
      name: win32
      sha256: "350a11abd2d1d97e0cc7a28a81b781c08002aa2864d9e3f192ca0ffa18b06ed3"
      url: "https://pub.dev"
    source: hosted
    version: "5.0.9"
  xdg_directories:
    dependency: transitive
    description:
      name: xdg_directories
      sha256: faea9dee56b520b55a566385b84f2e8de55e7496104adada9962e0bd11bcff1d
      url: "https://pub.dev"
    source: hosted
    version: "1.0.4"
sdks:
  dart: ">=3.0.0 <4.0.0"
  flutter: ">=3.10.0"
